
Microsoft Visual Studio Solution File, Format Version 12.00
# Visual Studio Version 17
VisualStudioVersion = 17.12.35527.113
MinimumVisualStudioVersion = 10.0.40219.1
Project("{2150E333-8FDC-42A3-9474-1A3956D46DE8}") = "src", "src", "{3A8B6812-B42A-4F1B-962F-E4C2696A6F46}"
EndProject
Project("{2150E333-8FDC-42A3-9474-1A3956D46DE8}") = "tests", "tests", "{ABD7D257-AE9C-4DCB-9224-80938748474C}"
EndProject
Project("{9A19103F-16F7-4668-BE54-9A1E7A4F7556}") = "Lab1", "src\Lab1\Lab1.csproj", "{25EFCB64-8B06-4F6A-BBFD-9F713438637F}"
EndProject
Project("{9A19103F-16F7-4668-BE54-9A1E7A4F7556}") = "Lab2", "src\Lab2\Lab2.csproj", "{7392F3A8-8E4F-4353-9023-51F0DCF56416}"
EndProject
Project("{9A19103F-16F7-4668-BE54-9A1E7A4F7556}") = "Lab3", "src\Lab3\Lab3.csproj", "{9CC87A20-A988-4109-B1B4-AF1E8C634110}"
EndProject
Project("{9A19103F-16F7-4668-BE54-9A1E7A4F7556}") = "Lab4", "src\Lab4\Lab4.csproj", "{00526AC5-5908-441E-ADA5-2E8BBC91919F}"
EndProject
Project("{9A19103F-16F7-4668-BE54-9A1E7A4F7556}") = "Lab1.Tests", "tests\Lab1.Tests\Lab1.Tests.csproj", "{FAE8F20B-EB2D-4E9F-A9C9-69761E5B4604}"
EndProject
Project("{9A19103F-16F7-4668-BE54-9A1E7A4F7556}") = "Lab2.Tests", "tests\Lab2.Tests\Lab2.Tests.csproj", "{7D2B8E68-304A-4946-987E-4F29F0FCC3A4}"
EndProject
Project("{9A19103F-16F7-4668-BE54-9A1E7A4F7556}") = "Lab3.Tests", "tests\Lab3.Tests\Lab3.Tests.csproj", "{3A3ABC1F-44EE-41D7-B0F1-F0D962E5746B}"
EndProject
Project("{9A19103F-16F7-4668-BE54-9A1E7A4F7556}") = "Lab4.Tests", "tests\Lab4.Tests\Lab4.Tests.csproj", "{2BC795FD-9FAC-419E-A8A5-4C432451CBD1}"
EndProject
Project("{9A19103F-16F7-4668-BE54-9A1E7A4F7556}") = "Lab5.Tests", "tests\Lab5.Tests\Lab5.Tests.csproj", "{6B113055-EABD-4475-9A6B-C54320ED1F26}"
EndProject
Project("{2150E333-8FDC-42A3-9474-1A3956D46DE8}") = "common", "common", "{3DB12F6C-143E-4086-BCB2-2EC3461BC353}"
	ProjectSection(SolutionItems) = preProject
		.editorconfig = .editorconfig
		.gitignore = .gitignore
		Directory.Build.props = Directory.Build.props
		Directory.Packages.props = Directory.Packages.props
	EndProjectSection
EndProject
Project("{2150E333-8FDC-42A3-9474-1A3956D46DE8}") = "Lab5", "Lab5", "{088496A6-E370-43C4-9AC3-0129918CC4EC}"
EndProject
Project("{2150E333-8FDC-42A3-9474-1A3956D46DE8}") = "Domain", "Domain", "{F3BEED5F-438B-4817-B51F-CB5D1AA1E507}"
EndProject
Project("{2150E333-8FDC-42A3-9474-1A3956D46DE8}") = "Application", "Application", "{A603FC35-09C6-4F71-9083-B7E43CF168EC}"
EndProject
Project("{9A19103F-16F7-4668-BE54-9A1E7A4F7556}") = "Services", "src\Lab5\Application\Services\Services.csproj", "{9CBF7EF8-C425-4F7D-9985-5C53BF370606}"
EndProject
Project("{9A19103F-16F7-4668-BE54-9A1E7A4F7556}") = "Entities", "src\Lab5\Domain\Entities\Entities.csproj", "{B43DF787-B902-4124-A6B3-3A0FCAA1642B}"
EndProject
Project("{9A19103F-16F7-4668-BE54-9A1E7A4F7556}") = "ValueObjects", "src\Lab5\Domain\ValueObjects\ValueObjects.csproj", "{879A39A8-0378-41EA-B0D8-9CD1D8FA2A6F}"
EndProject
Project("{9A19103F-16F7-4668-BE54-9A1E7A4F7556}") = "Interfaces", "src\Lab5\Domain\Interfaces\Interfaces.csproj", "{EBE20CCB-E478-4EF1-82B9-26CC264AAB49}"
EndProject
Project("{9A19103F-16F7-4668-BE54-9A1E7A4F7556}") = "DomainServices", "src\Lab5\Domain\DomainServices\DomainServices.csproj", "{7BEA7B2A-EF5D-4DC2-A795-7D5F33C26864}"
EndProject
Project("{9A19103F-16F7-4668-BE54-9A1E7A4F7556}") = "UseCases", "src\Lab5\Application\UseCases\UseCases.csproj", "{6BB57962-03D9-48CC-995E-0037C414C1F0}"
EndProject
Project("{9A19103F-16F7-4668-BE54-9A1E7A4F7556}") = "DTOs", "src\Lab5\Application\DTOs\DTOs.csproj", "{95194DF1-0589-41B6-BDC0-1D543B94E12C}"
EndProject
Project("{2150E333-8FDC-42A3-9474-1A3956D46DE8}") = "Infrastructure", "Infrastructure", "{FEB7F3BA-9FF9-4EA2-8401-09100BFF8D9A}"
EndProject
Project("{9A19103F-16F7-4668-BE54-9A1E7A4F7556}") = "Repositories", "src\Lab5\Infrastructure\Repositories\Repositories.csproj", "{462695B5-6DF9-4A30-9D01-AA4125585EF0}"
EndProject
Project("{9A19103F-16F7-4668-BE54-9A1E7A4F7556}") = "Data", "src\Lab5\Infrastructure\Database\Data.csproj", "{C8F2EDBB-76CF-4489-BC60-2D83C68BE476}"
EndProject
Project("{9A19103F-16F7-4668-BE54-9A1E7A4F7556}") = "Configuration", "src\Lab5\Infrastructure\Configuration\Configuration.csproj", "{58C39CCA-ADFE-40A0-A222-5E442E1DA64E}"
EndProject
Project("{2150E333-8FDC-42A3-9474-1A3956D46DE8}") = "ConsoleApp", "ConsoleApp", "{60F54671-A974-4021-B525-EC094F7DDB72}"
EndProject
Project("{9A19103F-16F7-4668-BE54-9A1E7A4F7556}") = "ApplicationExtensions", "src\Lab5\Application\ApplicationExtensions\ApplicationExtensions.csproj", "{4D1D44C5-E70B-4D24-9F8E-985613F874C6}"
EndProject
Project("{9A19103F-16F7-4668-BE54-9A1E7A4F7556}") = "ApplicationInterfaces", "src\Lab5\Application\ApplicationInterfaces\ApplicationInterfaces.csproj", "{43BAC010-213D-4917-9F8A-1C845E2C9D30}"
EndProject
Project("{FAE04EC0-301F-11D3-BF4B-00C04F79EFBC}") = "Migrations", "src\Lab5\Infrastructure\Migrations\Migrations.csproj", "{26892173-C074-434E-94C2-9E5ABD176E2F}"
EndProject
Project("{FAE04EC0-301F-11D3-BF4B-00C04F79EFBC}") = "Extensions", "src\Lab5\Infrastructure\Extensions\Extensions.csproj", "{5F410467-8950-484E-B418-75ACBA259615}"
EndProject
Project("{FAE04EC0-301F-11D3-BF4B-00C04F79EFBC}") = "Helpers", "src\Lab5\ConsoleApp\Helpers\Helpers.csproj", "{E50FDF2D-4073-43D1-AA0B-6A7EBA981692}"
EndProject
Project("{FAE04EC0-301F-11D3-BF4B-00C04F79EFBC}") = "App", "src\Lab5\ConsoleApp\App\App.csproj", "{6B08F9FA-08A1-4568-9B36-39EBA936E325}"
EndProject
Global
	GlobalSection(SolutionConfigurationPlatforms) = preSolution
		Debug|Any CPU = Debug|Any CPU
		Release|Any CPU = Release|Any CPU
	EndGlobalSection
	GlobalSection(ProjectConfigurationPlatforms) = postSolution
		{25EFCB64-8B06-4F6A-BBFD-9F713438637F}.Debug|Any CPU.ActiveCfg = Debug|Any CPU
		{25EFCB64-8B06-4F6A-BBFD-9F713438637F}.Debug|Any CPU.Build.0 = Debug|Any CPU
		{25EFCB64-8B06-4F6A-BBFD-9F713438637F}.Release|Any CPU.ActiveCfg = Release|Any CPU
		{25EFCB64-8B06-4F6A-BBFD-9F713438637F}.Release|Any CPU.Build.0 = Release|Any CPU
		{7392F3A8-8E4F-4353-9023-51F0DCF56416}.Debug|Any CPU.ActiveCfg = Debug|Any CPU
		{7392F3A8-8E4F-4353-9023-51F0DCF56416}.Debug|Any CPU.Build.0 = Debug|Any CPU
		{7392F3A8-8E4F-4353-9023-51F0DCF56416}.Release|Any CPU.ActiveCfg = Release|Any CPU
		{7392F3A8-8E4F-4353-9023-51F0DCF56416}.Release|Any CPU.Build.0 = Release|Any CPU
		{9CC87A20-A988-4109-B1B4-AF1E8C634110}.Debug|Any CPU.ActiveCfg = Debug|Any CPU
		{9CC87A20-A988-4109-B1B4-AF1E8C634110}.Debug|Any CPU.Build.0 = Debug|Any CPU
		{9CC87A20-A988-4109-B1B4-AF1E8C634110}.Release|Any CPU.ActiveCfg = Release|Any CPU
		{9CC87A20-A988-4109-B1B4-AF1E8C634110}.Release|Any CPU.Build.0 = Release|Any CPU
		{00526AC5-5908-441E-ADA5-2E8BBC91919F}.Debug|Any CPU.ActiveCfg = Debug|Any CPU
		{00526AC5-5908-441E-ADA5-2E8BBC91919F}.Debug|Any CPU.Build.0 = Debug|Any CPU
		{00526AC5-5908-441E-ADA5-2E8BBC91919F}.Release|Any CPU.ActiveCfg = Release|Any CPU
		{00526AC5-5908-441E-ADA5-2E8BBC91919F}.Release|Any CPU.Build.0 = Release|Any CPU
		{FAE8F20B-EB2D-4E9F-A9C9-69761E5B4604}.Debug|Any CPU.ActiveCfg = Debug|Any CPU
		{FAE8F20B-EB2D-4E9F-A9C9-69761E5B4604}.Debug|Any CPU.Build.0 = Debug|Any CPU
		{FAE8F20B-EB2D-4E9F-A9C9-69761E5B4604}.Release|Any CPU.ActiveCfg = Release|Any CPU
		{FAE8F20B-EB2D-4E9F-A9C9-69761E5B4604}.Release|Any CPU.Build.0 = Release|Any CPU
		{7D2B8E68-304A-4946-987E-4F29F0FCC3A4}.Debug|Any CPU.ActiveCfg = Debug|Any CPU
		{7D2B8E68-304A-4946-987E-4F29F0FCC3A4}.Debug|Any CPU.Build.0 = Debug|Any CPU
		{7D2B8E68-304A-4946-987E-4F29F0FCC3A4}.Release|Any CPU.ActiveCfg = Release|Any CPU
		{7D2B8E68-304A-4946-987E-4F29F0FCC3A4}.Release|Any CPU.Build.0 = Release|Any CPU
		{3A3ABC1F-44EE-41D7-B0F1-F0D962E5746B}.Debug|Any CPU.ActiveCfg = Debug|Any CPU
		{3A3ABC1F-44EE-41D7-B0F1-F0D962E5746B}.Debug|Any CPU.Build.0 = Debug|Any CPU
		{3A3ABC1F-44EE-41D7-B0F1-F0D962E5746B}.Release|Any CPU.ActiveCfg = Release|Any CPU
		{3A3ABC1F-44EE-41D7-B0F1-F0D962E5746B}.Release|Any CPU.Build.0 = Release|Any CPU
		{2BC795FD-9FAC-419E-A8A5-4C432451CBD1}.Debug|Any CPU.ActiveCfg = Debug|Any CPU
		{2BC795FD-9FAC-419E-A8A5-4C432451CBD1}.Debug|Any CPU.Build.0 = Debug|Any CPU
		{2BC795FD-9FAC-419E-A8A5-4C432451CBD1}.Release|Any CPU.ActiveCfg = Release|Any CPU
		{2BC795FD-9FAC-419E-A8A5-4C432451CBD1}.Release|Any CPU.Build.0 = Release|Any CPU
		{6B113055-EABD-4475-9A6B-C54320ED1F26}.Debug|Any CPU.ActiveCfg = Debug|Any CPU
		{6B113055-EABD-4475-9A6B-C54320ED1F26}.Debug|Any CPU.Build.0 = Debug|Any CPU
		{6B113055-EABD-4475-9A6B-C54320ED1F26}.Release|Any CPU.ActiveCfg = Release|Any CPU
		{6B113055-EABD-4475-9A6B-C54320ED1F26}.Release|Any CPU.Build.0 = Release|Any CPU
		{9CBF7EF8-C425-4F7D-9985-5C53BF370606}.Debug|Any CPU.ActiveCfg = Debug|Any CPU
		{9CBF7EF8-C425-4F7D-9985-5C53BF370606}.Debug|Any CPU.Build.0 = Debug|Any CPU
		{9CBF7EF8-C425-4F7D-9985-5C53BF370606}.Release|Any CPU.ActiveCfg = Release|Any CPU
		{9CBF7EF8-C425-4F7D-9985-5C53BF370606}.Release|Any CPU.Build.0 = Release|Any CPU
		{B43DF787-B902-4124-A6B3-3A0FCAA1642B}.Debug|Any CPU.ActiveCfg = Debug|Any CPU
		{B43DF787-B902-4124-A6B3-3A0FCAA1642B}.Debug|Any CPU.Build.0 = Debug|Any CPU
		{B43DF787-B902-4124-A6B3-3A0FCAA1642B}.Release|Any CPU.ActiveCfg = Release|Any CPU
		{B43DF787-B902-4124-A6B3-3A0FCAA1642B}.Release|Any CPU.Build.0 = Release|Any CPU
		{879A39A8-0378-41EA-B0D8-9CD1D8FA2A6F}.Debug|Any CPU.ActiveCfg = Debug|Any CPU
		{879A39A8-0378-41EA-B0D8-9CD1D8FA2A6F}.Debug|Any CPU.Build.0 = Debug|Any CPU
		{879A39A8-0378-41EA-B0D8-9CD1D8FA2A6F}.Release|Any CPU.ActiveCfg = Release|Any CPU
		{879A39A8-0378-41EA-B0D8-9CD1D8FA2A6F}.Release|Any CPU.Build.0 = Release|Any CPU
		{EBE20CCB-E478-4EF1-82B9-26CC264AAB49}.Debug|Any CPU.ActiveCfg = Debug|Any CPU
		{EBE20CCB-E478-4EF1-82B9-26CC264AAB49}.Debug|Any CPU.Build.0 = Debug|Any CPU
		{EBE20CCB-E478-4EF1-82B9-26CC264AAB49}.Release|Any CPU.ActiveCfg = Release|Any CPU
		{EBE20CCB-E478-4EF1-82B9-26CC264AAB49}.Release|Any CPU.Build.0 = Release|Any CPU
		{7BEA7B2A-EF5D-4DC2-A795-7D5F33C26864}.Debug|Any CPU.ActiveCfg = Debug|Any CPU
		{7BEA7B2A-EF5D-4DC2-A795-7D5F33C26864}.Debug|Any CPU.Build.0 = Debug|Any CPU
		{7BEA7B2A-EF5D-4DC2-A795-7D5F33C26864}.Release|Any CPU.ActiveCfg = Release|Any CPU
		{7BEA7B2A-EF5D-4DC2-A795-7D5F33C26864}.Release|Any CPU.Build.0 = Release|Any CPU
		{6BB57962-03D9-48CC-995E-0037C414C1F0}.Debug|Any CPU.ActiveCfg = Debug|Any CPU
		{6BB57962-03D9-48CC-995E-0037C414C1F0}.Debug|Any CPU.Build.0 = Debug|Any CPU
		{6BB57962-03D9-48CC-995E-0037C414C1F0}.Release|Any CPU.ActiveCfg = Release|Any CPU
		{6BB57962-03D9-48CC-995E-0037C414C1F0}.Release|Any CPU.Build.0 = Release|Any CPU
		{95194DF1-0589-41B6-BDC0-1D543B94E12C}.Debug|Any CPU.ActiveCfg = Debug|Any CPU
		{95194DF1-0589-41B6-BDC0-1D543B94E12C}.Debug|Any CPU.Build.0 = Debug|Any CPU
		{95194DF1-0589-41B6-BDC0-1D543B94E12C}.Release|Any CPU.ActiveCfg = Release|Any CPU
		{95194DF1-0589-41B6-BDC0-1D543B94E12C}.Release|Any CPU.Build.0 = Release|Any CPU
		{462695B5-6DF9-4A30-9D01-AA4125585EF0}.Debug|Any CPU.ActiveCfg = Debug|Any CPU
		{462695B5-6DF9-4A30-9D01-AA4125585EF0}.Debug|Any CPU.Build.0 = Debug|Any CPU
		{462695B5-6DF9-4A30-9D01-AA4125585EF0}.Release|Any CPU.ActiveCfg = Release|Any CPU
		{462695B5-6DF9-4A30-9D01-AA4125585EF0}.Release|Any CPU.Build.0 = Release|Any CPU
		{C8F2EDBB-76CF-4489-BC60-2D83C68BE476}.Debug|Any CPU.ActiveCfg = Debug|Any CPU
		{C8F2EDBB-76CF-4489-BC60-2D83C68BE476}.Debug|Any CPU.Build.0 = Debug|Any CPU
		{C8F2EDBB-76CF-4489-BC60-2D83C68BE476}.Release|Any CPU.ActiveCfg = Release|Any CPU
		{C8F2EDBB-76CF-4489-BC60-2D83C68BE476}.Release|Any CPU.Build.0 = Release|Any CPU
		{58C39CCA-ADFE-40A0-A222-5E442E1DA64E}.Debug|Any CPU.ActiveCfg = Debug|Any CPU
		{58C39CCA-ADFE-40A0-A222-5E442E1DA64E}.Debug|Any CPU.Build.0 = Debug|Any CPU
		{58C39CCA-ADFE-40A0-A222-5E442E1DA64E}.Release|Any CPU.ActiveCfg = Release|Any CPU
		{58C39CCA-ADFE-40A0-A222-5E442E1DA64E}.Release|Any CPU.Build.0 = Release|Any CPU
		{4D1D44C5-E70B-4D24-9F8E-985613F874C6}.Debug|Any CPU.ActiveCfg = Debug|Any CPU
		{4D1D44C5-E70B-4D24-9F8E-985613F874C6}.Debug|Any CPU.Build.0 = Debug|Any CPU
		{4D1D44C5-E70B-4D24-9F8E-985613F874C6}.Release|Any CPU.ActiveCfg = Release|Any CPU
		{4D1D44C5-E70B-4D24-9F8E-985613F874C6}.Release|Any CPU.Build.0 = Release|Any CPU
		{43BAC010-213D-4917-9F8A-1C845E2C9D30}.Debug|Any CPU.ActiveCfg = Debug|Any CPU
		{43BAC010-213D-4917-9F8A-1C845E2C9D30}.Debug|Any CPU.Build.0 = Debug|Any CPU
		{43BAC010-213D-4917-9F8A-1C845E2C9D30}.Release|Any CPU.ActiveCfg = Release|Any CPU
		{43BAC010-213D-4917-9F8A-1C845E2C9D30}.Release|Any CPU.Build.0 = Release|Any CPU
		{26892173-C074-434E-94C2-9E5ABD176E2F}.Debug|Any CPU.ActiveCfg = Debug|Any CPU
		{26892173-C074-434E-94C2-9E5ABD176E2F}.Debug|Any CPU.Build.0 = Debug|Any CPU
		{26892173-C074-434E-94C2-9E5ABD176E2F}.Release|Any CPU.ActiveCfg = Release|Any CPU
		{26892173-C074-434E-94C2-9E5ABD176E2F}.Release|Any CPU.Build.0 = Release|Any CPU
		{5F410467-8950-484E-B418-75ACBA259615}.Debug|Any CPU.ActiveCfg = Debug|Any CPU
		{5F410467-8950-484E-B418-75ACBA259615}.Debug|Any CPU.Build.0 = Debug|Any CPU
		{5F410467-8950-484E-B418-75ACBA259615}.Release|Any CPU.ActiveCfg = Release|Any CPU
		{5F410467-8950-484E-B418-75ACBA259615}.Release|Any CPU.Build.0 = Release|Any CPU
		{E50FDF2D-4073-43D1-AA0B-6A7EBA981692}.Debug|Any CPU.ActiveCfg = Debug|Any CPU
		{E50FDF2D-4073-43D1-AA0B-6A7EBA981692}.Debug|Any CPU.Build.0 = Debug|Any CPU
		{E50FDF2D-4073-43D1-AA0B-6A7EBA981692}.Release|Any CPU.ActiveCfg = Release|Any CPU
		{E50FDF2D-4073-43D1-AA0B-6A7EBA981692}.Release|Any CPU.Build.0 = Release|Any CPU
		{6B08F9FA-08A1-4568-9B36-39EBA936E325}.Debug|Any CPU.ActiveCfg = Debug|Any CPU
		{6B08F9FA-08A1-4568-9B36-39EBA936E325}.Debug|Any CPU.Build.0 = Debug|Any CPU
		{6B08F9FA-08A1-4568-9B36-39EBA936E325}.Release|Any CPU.ActiveCfg = Release|Any CPU
		{6B08F9FA-08A1-4568-9B36-39EBA936E325}.Release|Any CPU.Build.0 = Release|Any CPU
	EndGlobalSection
	GlobalSection(SolutionProperties) = preSolution
		HideSolutionNode = FALSE
	EndGlobalSection
	GlobalSection(NestedProjects) = preSolution
		{25EFCB64-8B06-4F6A-BBFD-9F713438637F} = {3A8B6812-B42A-4F1B-962F-E4C2696A6F46}
		{7392F3A8-8E4F-4353-9023-51F0DCF56416} = {3A8B6812-B42A-4F1B-962F-E4C2696A6F46}
		{9CC87A20-A988-4109-B1B4-AF1E8C634110} = {3A8B6812-B42A-4F1B-962F-E4C2696A6F46}
		{00526AC5-5908-441E-ADA5-2E8BBC91919F} = {3A8B6812-B42A-4F1B-962F-E4C2696A6F46}
		{FAE8F20B-EB2D-4E9F-A9C9-69761E5B4604} = {ABD7D257-AE9C-4DCB-9224-80938748474C}
		{7D2B8E68-304A-4946-987E-4F29F0FCC3A4} = {ABD7D257-AE9C-4DCB-9224-80938748474C}
		{3A3ABC1F-44EE-41D7-B0F1-F0D962E5746B} = {ABD7D257-AE9C-4DCB-9224-80938748474C}
		{2BC795FD-9FAC-419E-A8A5-4C432451CBD1} = {ABD7D257-AE9C-4DCB-9224-80938748474C}
		{6B113055-EABD-4475-9A6B-C54320ED1F26} = {ABD7D257-AE9C-4DCB-9224-80938748474C}
		{088496A6-E370-43C4-9AC3-0129918CC4EC} = {3A8B6812-B42A-4F1B-962F-E4C2696A6F46}
		{F3BEED5F-438B-4817-B51F-CB5D1AA1E507} = {088496A6-E370-43C4-9AC3-0129918CC4EC}
		{A603FC35-09C6-4F71-9083-B7E43CF168EC} = {088496A6-E370-43C4-9AC3-0129918CC4EC}
		{9CBF7EF8-C425-4F7D-9985-5C53BF370606} = {A603FC35-09C6-4F71-9083-B7E43CF168EC}
		{B43DF787-B902-4124-A6B3-3A0FCAA1642B} = {F3BEED5F-438B-4817-B51F-CB5D1AA1E507}
		{879A39A8-0378-41EA-B0D8-9CD1D8FA2A6F} = {F3BEED5F-438B-4817-B51F-CB5D1AA1E507}
		{EBE20CCB-E478-4EF1-82B9-26CC264AAB49} = {F3BEED5F-438B-4817-B51F-CB5D1AA1E507}
		{7BEA7B2A-EF5D-4DC2-A795-7D5F33C26864} = {F3BEED5F-438B-4817-B51F-CB5D1AA1E507}
		{6BB57962-03D9-48CC-995E-0037C414C1F0} = {A603FC35-09C6-4F71-9083-B7E43CF168EC}
		{95194DF1-0589-41B6-BDC0-1D543B94E12C} = {A603FC35-09C6-4F71-9083-B7E43CF168EC}
		{FEB7F3BA-9FF9-4EA2-8401-09100BFF8D9A} = {088496A6-E370-43C4-9AC3-0129918CC4EC}
		{462695B5-6DF9-4A30-9D01-AA4125585EF0} = {FEB7F3BA-9FF9-4EA2-8401-09100BFF8D9A}
		{C8F2EDBB-76CF-4489-BC60-2D83C68BE476} = {FEB7F3BA-9FF9-4EA2-8401-09100BFF8D9A}
		{58C39CCA-ADFE-40A0-A222-5E442E1DA64E} = {FEB7F3BA-9FF9-4EA2-8401-09100BFF8D9A}
		{60F54671-A974-4021-B525-EC094F7DDB72} = {088496A6-E370-43C4-9AC3-0129918CC4EC}
		{4D1D44C5-E70B-4D24-9F8E-985613F874C6} = {A603FC35-09C6-4F71-9083-B7E43CF168EC}
		{43BAC010-213D-4917-9F8A-1C845E2C9D30} = {A603FC35-09C6-4F71-9083-B7E43CF168EC}
		{26892173-C074-434E-94C2-9E5ABD176E2F} = {FEB7F3BA-9FF9-4EA2-8401-09100BFF8D9A}
		{5F410467-8950-484E-B418-75ACBA259615} = {FEB7F3BA-9FF9-4EA2-8401-09100BFF8D9A}
		{E50FDF2D-4073-43D1-AA0B-6A7EBA981692} = {60F54671-A974-4021-B525-EC094F7DDB72}
		{6B08F9FA-08A1-4568-9B36-39EBA936E325} = {60F54671-A974-4021-B525-EC094F7DDB72}
	EndGlobalSection
EndGlobal
